hash: 0b0beb39a82a22f74a34b6c0dcd1a7f367964d771556cfe867d46a215c9f591d
updated: 2018-03-07T15:18:13.749552976+01:00
imports:
- name: github.com/dgrijalva/jwt-go
  version: dbeaa9332f19a944acb5736b4456cfcc02140e29
  subpackages:
  - request
  - test
- name: github.com/namsral/flag
  version: 7fa59bdb55485001d702d9b6e15367cdf26bfde8
testImports: []
